
Microsoft Visual Studio Solution File, Format Version 12.00
# Visual Studio Version 17
VisualStudioVersion = 17.11.35222.181
MinimumVisualStudioVersion = 10.0.40219.1
Project("{8BC9CEB8-8B4A-11D0-8D11-00A0C91BC942}") = "creatind_threads", "creatind_threads.vcxproj", "{967D9474-5C16-46F7-8066-69262010ED34}"
EndProject
Project("{8BC9CEB8-8B4A-11D0-8D11-00A0C91BC942}") = "TestThreads", "..\TestThreads\TestThreads.vcxproj", "{C252153F-583C-4BED-8D6B-C6FA8E5A4B14}"
EndProject
Global
	GlobalSection(SolutionConfigurationPlatforms) = preSolution
		Debug|x64 = Debug|x64
		Debug|x86 = Debug|x86
		Release|x64 = Release|x64
		Release|x86 = Release|x86
	EndGlobalSection
	GlobalSection(ProjectConfigurationPlatforms) = postSolution
		{967D9474-5C16-46F7-8066-69262010ED34}.Debug|x64.ActiveCfg = Debug|x64
		{967D9474-5C16-46F7-8066-69262010ED34}.Debug|x64.Build.0 = Debug|x64
		{967D9474-5C16-46F7-8066-69262010ED34}.Debug|x86.ActiveCfg = Debug|Win32
		{967D9474-5C16-46F7-8066-69262010ED34}.Debug|x86.Build.0 = Debug|Win32
		{967D9474-5C16-46F7-8066-69262010ED34}.Release|x64.ActiveCfg = Release|x64
		{967D9474-5C16-46F7-8066-69262010ED34}.Release|x64.Build.0 = Release|x64
		{967D9474-5C16-46F7-8066-69262010ED34}.Release|x86.ActiveCfg = Release|Win32
		{967D9474-5C16-46F7-8066-69262010ED34}.Release|x86.Build.0 = Release|Win32
		{C252153F-583C-4BED-8D6B-C6FA8E5A4B14}.Debug|x64.ActiveCfg = Debug|x64
		{C252153F-583C-4BED-8D6B-C6FA8E5A4B14}.Debug|x64.Build.0 = Debug|x64
		{C252153F-583C-4BED-8D6B-C6FA8E5A4B14}.Debug|x86.ActiveCfg = Debug|Win32
		{C252153F-583C-4BED-8D6B-C6FA8E5A4B14}.Debug|x86.Build.0 = Debug|Win32
		{C252153F-583C-4BED-8D6B-C6FA8E5A4B14}.Release|x64.ActiveCfg = Release|x64
		{C252153F-583C-4BED-8D6B-C6FA8E5A4B14}.Release|x64.Build.0 = Release|x64
		{C252153F-583C-4BED-8D6B-C6FA8E5A4B14}.Release|x86.ActiveCfg = Release|Win32
		{C252153F-583C-4BED-8D6B-C6FA8E5A4B14}.Release|x86.Build.0 = Release|Win32
	EndGlobalSection
	GlobalSection(SolutionProperties) = preSolution
		HideSolutionNode = FALSE
	EndGlobalSection
	GlobalSection(ExtensibilityGlobals) = postSolution
		SolutionGuid = {96FF39B9-E495-42EC-92F9-08BD5E5B8D09}
	EndGlobalSection
EndGlobal
